// !$*UTF8*$!
{
	archiveVersion = 1;
	classes = {
	};
	objectVersion = 46;
	objects = {

/* Begin PBXBuildFile section */
		6C6BE5E91F7052FC00D84239 /* main.cpp in Sources */ = {isa = PBXBuildFile; fileRef = 6C6BE5E81F7052FC00D84239 /* main.cpp */; };
		6C6BE5F21F70596500D84239 /* OpenCL.framework in Frameworks */ = {isa = PBXBuildFile; fileRef = 6C6BE5F11F70596500D84239 /* OpenCL.framework */; settings = {ATTRIBUTES = (Required, ); }; };
/* End PBXBuildFile section */

/* Begin PBXCopyFilesBuildPhase section */
		6C6BE5E31F7052FC00D84239 /* CopyFiles */ = {
			isa = PBXCopyFilesBuildPhase;
			buildActionMask = 2147483647;
			dstPath = /usr/share/man/man1/;
			dstSubfolderSpec = 0;
			files = (
			);
			runOnlyForDeploymentPostprocessing = 1;
		};
/* End PBXCopyFilesBuildPhase section */

/* Begin PBXFileReference section */
		6C6BE5E51F7052FC00D84239 /* OpenCL */ = {isa = PBXFileReference; explicitFileType = "compiled.mach-o.executable"; includeInIndex = 0; path = OpenCL; sourceTree = BUILT_PRODUCTS_DIR; };
		6C6BE5E81F7052FC00D84239 /* main.cpp */ = {isa = PBXFileReference; lastKnownFileType = sourcecode.cpp.cpp; path = main.cpp; sourceTree = "<group>"; };
		6C6BE5EF1F70555E00D84239 /* HelloWorld.cl */ = {isa = PBXFileReference; lastKnownFileType = sourcecode.opencl; path = HelloWorld.cl; sourceTree = "<group>"; };
		6C6BE5F11F70596500D84239 /* OpenCL.framework */ = {isa = PBXFileReference; lastKnownFileType = wrapper.framework; name = OpenCL.framework; path = System/Library/Frameworks/OpenCL.framework; sourceTree = SDKROOT; };
		6C6BE5F31F7F82C100D84239 /* libboost_atomic.dylib */ = {isa = PBXFileReference; lastKnownFileType = "compiled.mach-o.dylib"; name = libboost_atomic.dylib; path = ../../../../usr/local/lib/libboost_atomic.dylib; sourceTree = "<group>"; };
		6C6BE5F41F7F82C100D84239 /* libboost_chrono.dylib */ = {isa = PBXFileReference; lastKnownFileType = "compiled.mach-o.dylib"; name = libboost_chrono.dylib; path = ../../../../usr/local/lib/libboost_chrono.dylib; sourceTree = "<group>"; };
		6C6BE5F51F7F82C100D84239 /* libboost_container.dylib */ = {isa = PBXFileReference; lastKnownFileType = "compiled.mach-o.dylib"; name = libboost_container.dylib; path = ../../../../usr/local/lib/libboost_container.dylib; sourceTree = "<group>"; };
		6C6BE5F61F7F82C100D84239 /* libboost_context.dylib */ = {isa = PBXFileReference; lastKnownFileType = "compiled.mach-o.dylib"; name = libboost_context.dylib; path = ../../../../usr/local/lib/libboost_context.dylib; sourceTree = "<group>"; };
		6C6BE5F71F7F82C100D84239 /* libboost_coroutine.dylib */ = {isa = PBXFileReference; lastKnownFileType = "compiled.mach-o.dylib"; name = libboost_coroutine.dylib; path = ../../../../usr/local/lib/libboost_coroutine.dylib; sourceTree = "<group>"; };
		6C6BE5F81F7F82C100D84239 /* libboost_date_time.dylib */ = {isa = PBXFileReference; lastKnownFileType = "compiled.mach-o.dylib"; name = libboost_date_time.dylib; path = ../../../../usr/local/lib/libboost_date_time.dylib; sourceTree = "<group>"; };
		6C6BE5F91F7F82C100D84239 /* libboost_filesystem.dylib */ = {isa = PBXFileReference; lastKnownFileType = "compiled.mach-o.dylib"; name = libboost_filesystem.dylib; path = ../../../../usr/local/lib/libboost_filesystem.dylib; sourceTree = "<group>"; };
		6C6BE5FA1F7F82C100D84239 /* libboost_graph.dylib */ = {isa = PBXFileReference; lastKnownFileType = "compiled.mach-o.dylib"; name = libboost_graph.dylib; path = ../../../../usr/local/lib/libboost_graph.dylib; sourceTree = "<group>"; };
		6C6BE5FB1F7F82C100D84239 /* libboost_iostreams.dylib */ = {isa = PBXFileReference; lastKnownFileType = "compiled.mach-o.dylib"; name = libboost_iostreams.dylib; path = ../../../../usr/local/lib/libboost_iostreams.dylib; sourceTree = "<group>"; };
		6C6BE5FC1F7F82C100D84239 /* libboost_locale.dylib */ = {isa = PBXFileReference; lastKnownFileType = "compiled.mach-o.dylib"; name = libboost_locale.dylib; path = ../../../../usr/local/lib/libboost_locale.dylib; sourceTree = "<group>"; };
		6C6BE5FD1F7F82C100D84239 /* libboost_log_setup.dylib */ = {isa = PBXFileReference; lastKnownFileType = "compiled.mach-o.dylib"; name = libboost_log_setup.dylib; path = ../../../../usr/local/lib/libboost_log_setup.dylib; sourceTree = "<group>"; };
		6C6BE5FE1F7F82C100D84239 /* libboost_log.dylib */ = {isa = PBXFileReference; lastKnownFileType = "compiled.mach-o.dylib"; name = libboost_log.dylib; path = ../../../../usr/local/lib/libboost_log.dylib; sourceTree = "<group>"; };
		6C6BE5FF1F7F82C100D84239 /* libboost_math_c99.dylib */ = {isa = PBXFileReference; lastKnownFileType = "compiled.mach-o.dylib"; name = libboost_math_c99.dylib; path = ../../../../usr/local/lib/libboost_math_c99.dylib; sourceTree = "<group>"; };
		6C6BE6001F7F82C100D84239 /* libboost_math_c99f.dylib */ = {isa = PBXFileReference; lastKnownFileType = "compiled.mach-o.dylib"; name = libboost_math_c99f.dylib; path = ../../../../usr/local/lib/libboost_math_c99f.dylib; sourceTree = "<group>"; };
		6C6BE6011F7F82C100D84239 /* libboost_math_c99l.dylib */ = {isa = PBXFileReference; lastKnownFileType = "compiled.mach-o.dylib"; name = libboost_math_c99l.dylib; path = ../../../../usr/local/lib/libboost_math_c99l.dylib; sourceTree = "<group>"; };
		6C6BE6021F7F82C100D84239 /* libboost_math_tr1.dylib */ = {isa = PBXFileReference; lastKnownFileType = "compiled.mach-o.dylib"; name = libboost_math_tr1.dylib; path = ../../../../usr/local/lib/libboost_math_tr1.dylib; sourceTree = "<group>"; };
		6C6BE6031F7F82C100D84239 /* libboost_math_tr1f.dylib */ = {isa = PBXFileReference; lastKnownFileType = "compiled.mach-o.dylib"; name = libboost_math_tr1f.dylib; path = ../../../../usr/local/lib/libboost_math_tr1f.dylib; sourceTree = "<group>"; };
		6C6BE6041F7F82C100D84239 /* libboost_math_tr1l.dylib */ = {isa = PBXFileReference; lastKnownFileType = "compiled.mach-o.dylib"; name = libboost_math_tr1l.dylib; path = ../../../../usr/local/lib/libboost_math_tr1l.dylib; sourceTree = "<group>"; };
		6C6BE6051F7F82C100D84239 /* libboost_numpy.dylib */ = {isa = PBXFileReference; lastKnownFileType = "compiled.mach-o.dylib"; name = libboost_numpy.dylib; path = ../../../../usr/local/lib/libboost_numpy.dylib; sourceTree = "<group>"; };
		6C6BE6061F7F82C100D84239 /* libboost_prg_exec_monitor.dylib */ = {isa = PBXFileReference; lastKnownFileType = "compiled.mach-o.dylib"; name = libboost_prg_exec_monitor.dylib; path = ../../../../usr/local/lib/libboost_prg_exec_monitor.dylib; sourceTree = "<group>"; };
		6C6BE6071F7F82C100D84239 /* libboost_program_options.dylib */ = {isa = PBXFileReference; lastKnownFileType = "compiled.mach-o.dylib"; name = libboost_program_options.dylib; path = ../../../../usr/local/lib/libboost_program_options.dylib; sourceTree = "<group>"; };
		6C6BE6081F7F82C100D84239 /* libboost_python.dylib */ = {isa = PBXFileReference; lastKnownFileType = "compiled.mach-o.dylib"; name = libboost_python.dylib; path = ../../../../usr/local/lib/libboost_python.dylib; sourceTree = "<group>"; };
		6C6BE6091F7F82C100D84239 /* libboost_random.dylib */ = {isa = PBXFileReference; lastKnownFileType = "compiled.mach-o.dylib"; name = libboost_random.dylib; path = ../../../../usr/local/lib/libboost_random.dylib; sourceTree = "<group>"; };
		6C6BE60A1F7F82C100D84239 /* libboost_regex.dylib */ = {isa = PBXFileReference; lastKnownFileType = "compiled.mach-o.dylib"; name = libboost_regex.dylib; path = ../../../../usr/local/lib/libboost_regex.dylib; sourceTree = "<group>"; };
		6C6BE60B1F7F82C100D84239 /* libboost_serialization.dylib */ = {isa = PBXFileReference; lastKnownFileType = "compiled.mach-o.dylib"; name = libboost_serialization.dylib; path = ../../../../usr/local/lib/libboost_serialization.dylib; sourceTree = "<group>"; };
		6C6BE60C1F7F82C100D84239 /* libboost_signals.dylib */ = {isa = PBXFileReference; lastKnownFileType = "compiled.mach-o.dylib"; name = libboost_signals.dylib; path = ../../../../usr/local/lib/libboost_signals.dylib; sourceTree = "<group>"; };
		6C6BE60D1F7F82C100D84239 /* libboost_stacktrace_addr2line.dylib */ = {isa = PBXFileReference; lastKnownFileType = "compiled.mach-o.dylib"; name = libboost_stacktrace_addr2line.dylib; path = ../../../../usr/local/lib/libboost_stacktrace_addr2line.dylib; sourceTree = "<group>"; };
		6C6BE60E1F7F82C100D84239 /* libboost_stacktrace_basic.dylib */ = {isa = PBXFileReference; lastKnownFileType = "compiled.mach-o.dylib"; name = libboost_stacktrace_basic.dylib; path = ../../../../usr/local/lib/libboost_stacktrace_basic.dylib; sourceTree = "<group>"; };
		6C6BE60F1F7F82C100D84239 /* libboost_stacktrace_noop.dylib */ = {isa = PBXFileReference; lastKnownFileType = "compiled.mach-o.dylib"; name = libboost_stacktrace_noop.dylib; path = ../../../../usr/local/lib/libboost_stacktrace_noop.dylib; sourceTree = "<group>"; };
		6C6BE6101F7F82C100D84239 /* libboost_system.dylib */ = {isa = PBXFileReference; lastKnownFileType = "compiled.mach-o.dylib"; name = libboost_system.dylib; path = ../../../../usr/local/lib/libboost_system.dylib; sourceTree = "<group>"; };
		6C6BE6111F7F82C100D84239 /* libboost_thread.dylib */ = {isa = PBXFileReference; lastKnownFileType = "compiled.mach-o.dylib"; name = libboost_thread.dylib; path = ../../../../usr/local/lib/libboost_thread.dylib; sourceTree = "<group>"; };
		6C6BE6121F7F82C100D84239 /* libboost_timer.dylib */ = {isa = PBXFileReference; lastKnownFileType = "compiled.mach-o.dylib"; name = libboost_timer.dylib; path = ../../../../usr/local/lib/libboost_timer.dylib; sourceTree = "<group>"; };
		6C6BE6131F7F82C100D84239 /* libboost_type_erasure.dylib */ = {isa = PBXFileReference; lastKnownFileType = "compiled.mach-o.dylib"; name = libboost_type_erasure.dylib; path = ../../../../usr/local/lib/libboost_type_erasure.dylib; sourceTree = "<group>"; };
		6C6BE6141F7F82C100D84239 /* libboost_unit_test_framework.dylib */ = {isa = PBXFileReference; lastKnownFileType = "compiled.mach-o.dylib"; name = libboost_unit_test_framework.dylib; path = ../../../../usr/local/lib/libboost_unit_test_framework.dylib; sourceTree = "<group>"; };
		6C6BE6151F7F82C100D84239 /* libboost_wave.dylib */ = {isa = PBXFileReference; lastKnownFileType = "compiled.mach-o.dylib"; name = libboost_wave.dylib; path = ../../../../usr/local/lib/libboost_wave.dylib; sourceTree = "<group>"; };
		6C6BE6161F7F82C100D84239 /* libboost_wserialization.dylib */ = {isa = PBXFileReference; lastKnownFileType = "compiled.mach-o.dylib"; name = libboost_wserialization.dylib; path = ../../../../usr/local/lib/libboost_wserialization.dylib; sourceTree = "<group>"; };
		6C737A271FB01136009EADE9 /* test.h */ = {isa = PBXFileReference; lastKnownFileType = sourcecode.c.h; path = test.h; sourceTree = "<group>"; };
/* End PBXFileReference section */

/* Begin PBXFrameworksBuildPhase section */
		6C6BE5E21F7052FC00D84239 /* Frameworks */ = {
			isa = PBXFrameworksBuildPhase;
			buildActionMask = 2147483647;
			files = (
				6C6BE5F21F70596500D84239 /* OpenCL.framework in Frameworks */,
			);
			runOnlyForDeploymentPostprocessing = 0;
		};
/* End PBXFrameworksBuildPhase section */

/* Begin PBXGroup section */
		6C6BE5DC1F7052FC00D84239 = {
			isa = PBXGroup;
			children = (
				6C6BE5E71F7052FC00D84239 /* OpenCL */,
				6C6BE5E61F7052FC00D84239 /* Products */,
				6C6BE5F01F70596500D84239 /* Frameworks */,
			);
			sourceTree = "<group>";
		};
		6C6BE5E61F7052FC00D84239 /* Products */ = {
			isa = PBXGroup;
			children = (
				6C6BE5E51F7052FC00D84239 /* OpenCL */,
			);
			name = Products;
			sourceTree = "<group>";
		};
		6C6BE5E71F7052FC00D84239 /* OpenCL */ = {
			isa = PBXGroup;
			children = (
				6C6BE5E81F7052FC00D84239 /* main.cpp */,
				6C6BE5EF1F70555E00D84239 /* HelloWorld.cl */,
				6C737A271FB01136009EADE9 /* test.h */,
			);
			path = OpenCL;
			sourceTree = "<group>";
		};
		6C6BE5F01F70596500D84239 /* Frameworks */ = {
			isa = PBXGroup;
			children = (
				6C6BE5F31F7F82C100D84239 /* libboost_atomic.dylib */,
				6C6BE5F41F7F82C100D84239 /* libboost_chrono.dylib */,
				6C6BE5F51F7F82C100D84239 /* libboost_container.dylib */,
				6C6BE5F61F7F82C100D84239 /* libboost_context.dylib */,
				6C6BE5F71F7F82C100D84239 /* libboost_coroutine.dylib */,
				6C6BE5F81F7F82C100D84239 /* libboost_date_time.dylib */,
				6C6BE5F91F7F82C100D84239 /* libboost_filesystem.dylib */,
				6C6BE5FA1F7F82C100D84239 /* libboost_graph.dylib */,
				6C6BE5FB1F7F82C100D84239 /* libboost_iostreams.dylib */,
				6C6BE5FC1F7F82C100D84239 /* libboost_locale.dylib */,
				6C6BE5FD1F7F82C100D84239 /* libboost_log_setup.dylib */,
				6C6BE5FE1F7F82C100D84239 /* libboost_log.dylib */,
				6C6BE5FF1F7F82C100D84239 /* libboost_math_c99.dylib */,
				6C6BE6001F7F82C100D84239 /* libboost_math_c99f.dylib */,
				6C6BE6011F7F82C100D84239 /* libboost_math_c99l.dylib */,
				6C6BE6021F7F82C100D84239 /* libboost_math_tr1.dylib */,
				6C6BE6031F7F82C100D84239 /* libboost_math_tr1f.dylib */,
				6C6BE6041F7F82C100D84239 /* libboost_math_tr1l.dylib */,
				6C6BE6051F7F82C100D84239 /* libboost_numpy.dylib */,
				6C6BE6061F7F82C100D84239 /* libboost_prg_exec_monitor.dylib */,
				6C6BE6071F7F82C100D84239 /* libboost_program_options.dylib */,
				6C6BE6081F7F82C100D84239 /* libboost_python.dylib */,
				6C6BE6091F7F82C100D84239 /* libboost_random.dylib */,
				6C6BE60A1F7F82C100D84239 /* libboost_regex.dylib */,
				6C6BE60B1F7F82C100D84239 /* libboost_serialization.dylib */,
				6C6BE60C1F7F82C100D84239 /* libboost_signals.dylib */,
				6C6BE60D1F7F82C100D84239 /* libboost_stacktrace_addr2line.dylib */,
				6C6BE60E1F7F82C100D84239 /* libboost_stacktrace_basic.dylib */,
				6C6BE60F1F7F82C100D84239 /* libboost_stacktrace_noop.dylib */,
				6C6BE6101F7F82C100D84239 /* libboost_system.dylib */,
				6C6BE6111F7F82C100D84239 /* libboost_thread.dylib */,
				6C6BE6121F7F82C100D84239 /* libboost_timer.dylib */,
				6C6BE6131F7F82C100D84239 /* libboost_type_erasure.dylib */,
				6C6BE6141F7F82C100D84239 /* libboost_unit_test_framework.dylib */,
				6C6BE6151F7F82C100D84239 /* libboost_wave.dylib */,
				6C6BE6161F7F82C100D84239 /* libboost_wserialization.dylib */,
				6C6BE5F11F70596500D84239 /* OpenCL.framework */,
			);
			name = Frameworks;
			sourceTree = "<group>";
		};
/* End PBXGroup section */

/* Begin PBXNativeTarget section */
		6C6BE5E41F7052FC00D84239 /* OpenCL */ = {
			isa = PBXNativeTarget;
			buildConfigurationList = 6C6BE5EC1F7052FC00D84239 /* Build configuration list for PBXNativeTarget "OpenCL" */;
			buildPhases = (
				6C6BE5E11F7052FC00D84239 /* Sources */,
				6C6BE5E21F7052FC00D84239 /* Frameworks */,
				6C6BE5E31F7052FC00D84239 /* CopyFiles */,
			);
			buildRules = (
			);
			dependencies = (
			);
			name = OpenCL;
			productName = OpenCL;
			productReference = 6C6BE5E51F7052FC00D84239 /* OpenCL */;
			productType = "com.apple.product-type.tool";
		};
/* End PBXNativeTarget section */

/* Begin PBXProject section */
		6C6BE5DD1F7052FC00D84239 /* Project object */ = {
			isa = PBXProject;
			attributes = {
				LastUpgradeCheck = 0830;
				ORGANIZATIONNAME = "王明勇";
				TargetAttributes = {
					6C6BE5E41F7052FC00D84239 = {
						CreatedOnToolsVersion = 8.3.3;
						DevelopmentTeam = 29ND4CSTWF;
						ProvisioningStyle = Automatic;
					};
				};
			};
			buildConfigurationList = 6C6BE5E01F7052FC00D84239 /* Build configuration list for PBXProject "OpenCL" */;
			compatibilityVersion = "Xcode 3.2";
			developmentRegion = English;
			hasScannedForEncodings = 0;
			knownRegions = (
				en,
			);
			mainGroup = 6C6BE5DC1F7052FC00D84239;
			productRefGroup = 6C6BE5E61F7052FC00D84239 /* Products */;
			projectDirPath = "";
			projectRoot = "";
			targets = (
				6C6BE5E41F7052FC00D84239 /* OpenCL */,
			);
		};
/* End PBXProject section */

/* Begin PBXSourcesBuildPhase section */
		6C6BE5E11F7052FC00D84239 /* Sources */ = {
			isa = PBXSourcesBuildPhase;
			buildActionMask = 2147483647;
			files = (
				6C6BE5E91F7052FC00D84239 /* main.cpp in Sources */,
			);
			runOnlyForDeploymentPostprocessing = 0;
		};
/* End PBXSourcesBuildPhase section */

/* Begin XCBuildConfiguration section */
		6C6BE5EA1F7052FC00D84239 /* Debug */ = {
			isa = XCBuildConfiguration;
			buildSettings = {
				ALWAYS_SEARCH_USER_PATHS = NO;
				CLANG_ANALYZER_NONNULL = YES;
				CLANG_ANALYZER_NUMBER_OBJECT_CONVERSION = YES_AGGRESSIVE;
				CLANG_CXX_LANGUAGE_STANDARD = "gnu++0x";
				CLANG_CXX_LIBRARY = "libc++";
				CLANG_ENABLE_MODULES = YES;
				CLANG_ENABLE_OBJC_ARC = YES;
				CLANG_WARN_BOOL_CONVERSION = YES;
				CLANG_WARN_CONSTANT_CONVERSION = YES;
				CLANG_WARN_DIRECT_OBJC_ISA_USAGE = YES_ERROR;
				CLANG_WARN_DOCUMENTATION_COMMENTS = YES;
				CLANG_WARN_EMPTY_BODY = YES;
				CLANG_WARN_ENUM_CONVERSION = YES;
				CLANG_WARN_INFINITE_RECURSION = YES;
				CLANG_WARN_INT_CONVERSION = YES;
				CLANG_WARN_OBJC_ROOT_CLASS = YES_ERROR;
				CLANG_WARN_SUSPICIOUS_MOVE = YES;
				CLANG_WARN_UNREACHABLE_CODE = YES;
				CLANG_WARN__DUPLICATE_METHOD_MATCH = YES;
				CODE_SIGN_IDENTITY = "-";
				COPY_PHASE_STRIP = NO;
				DEBUG_INFORMATION_FORMAT = dwarf;
				ENABLE_STRICT_OBJC_MSGSEND = YES;
				ENABLE_TESTABILITY = YES;
				GCC_C_LANGUAGE_STANDARD = gnu99;
				GCC_DYNAMIC_NO_PIC = NO;
				GCC_NO_COMMON_BLOCKS = YES;
				GCC_OPTIMIZATION_LEVEL = 0;
				GCC_PREPROCESSOR_DEFINITIONS = (
					"DEBUG=1",
					"$(inherited)",
				);
				GCC_WARN_64_TO_32_BIT_CONVERSION = YES;
				GCC_WARN_ABOUT_RETURN_TYPE = YES_ERROR;
				GCC_WARN_UNDECLARED_SELECTOR = YES;
				GCC_WARN_UNINITIALIZED_AUTOS = YES_AGGRESSIVE;
				GCC_WARN_UNUSED_FUNCTION = YES;
				GCC_WARN_UNUSED_VARIABLE = YES;
				MACOSX_DEPLOYMENT_TARGET = 10.12;
				MTL_ENABLE_DEBUG_INFO = YES;
				ONLY_ACTIVE_ARCH = YES;
				SDKROOT = macosx;
			};
			name = Debug;
		};
		6C6BE5EB1F7052FC00D84239 /* Release */ = {
			isa = XCBuildConfiguration;
			buildSettings = {
				ALWAYS_SEARCH_USER_PATHS = NO;
				CLANG_ANALYZER_NONNULL = YES;
				CLANG_ANALYZER_NUMBER_OBJECT_CONVERSION = YES_AGGRESSIVE;
				CLANG_CXX_LANGUAGE_STANDARD = "gnu++0x";
				CLANG_CXX_LIBRARY = "libc++";
				CLANG_ENABLE_MODULES = YES;
				CLANG_ENABLE_OBJC_ARC = YES;
				CLANG_WARN_BOOL_CONVERSION = YES;
				CLANG_WARN_CONSTANT_CONVERSION = YES;
				CLANG_WARN_DIRECT_OBJC_ISA_USAGE = YES_ERROR;
				CLANG_WARN_DOCUMENTATION_COMMENTS = YES;
				CLANG_WARN_EMPTY_BODY = YES;
				CLANG_WARN_ENUM_CONVERSION = YES;
				CLANG_WARN_INFINITE_RECURSION = YES;
				CLANG_WARN_INT_CONVERSION = YES;
				CLANG_WARN_OBJC_ROOT_CLASS = YES_ERROR;
				CLANG_WARN_SUSPICIOUS_MOVE = YES;
				CLANG_WARN_UNREACHABLE_CODE = YES;
				CLANG_WARN__DUPLICATE_METHOD_MATCH = YES;
				CODE_SIGN_IDENTITY = "-";
				COPY_PHASE_STRIP = NO;
				DEBUG_INFORMATION_FORMAT = "dwarf-with-dsym";
				ENABLE_NS_ASSERTIONS = NO;
				ENABLE_STRICT_OBJC_MSGSEND = YES;
				GCC_C_LANGUAGE_STANDARD = gnu99;
				GCC_NO_COMMON_BLOCKS = YES;
				GCC_WARN_64_TO_32_BIT_CONVERSION = YES;
				GCC_WARN_ABOUT_RETURN_TYPE = YES_ERROR;
				GCC_WARN_UNDECLARED_SELECTOR = YES;
				GCC_WARN_UNINITIALIZED_AUTOS = YES_AGGRESSIVE;
				GCC_WARN_UNUSED_FUNCTION = YES;
				GCC_WARN_UNUSED_VARIABLE = YES;
				MACOSX_DEPLOYMENT_TARGET = 10.12;
				MTL_ENABLE_DEBUG_INFO = NO;
				SDKROOT = macosx;
			};
			name = Release;
		};
		6C6BE5ED1F7052FC00D84239 /* Debug */ = {
			isa = XCBuildConfiguration;
			buildSettings = {
				DEVELOPMENT_TEAM = 29ND4CSTWF;
				HEADER_SEARCH_PATHS = /usr/local/include;
				LIBRARY_SEARCH_PATHS = /usr/local/lib;
				PRODUCT_NAME = "$(TARGET_NAME)";
			};
			name = Debug;
		};
		6C6BE5EE1F7052FC00D84239 /* Release */ = {
			isa = XCBuildConfiguration;
			buildSettings = {
				DEVELOPMENT_TEAM = 29ND4CSTWF;
				HEADER_SEARCH_PATHS = /usr/local/include;
				LIBRARY_SEARCH_PATHS = /usr/local/lib;
				PRODUCT_NAME = "$(TARGET_NAME)";
			};
			name = Release;
		};
/* End XCBuildConfiguration section */

/* Begin XCConfigurationList section */
		6C6BE5E01F7052FC00D84239 /* Build configuration list for PBXProject "OpenCL" */ = {
			isa = XCConfigurationList;
			buildConfigurations = (
				6C6BE5EA1F7052FC00D84239 /* Debug */,
				6C6BE5EB1F7052FC00D84239 /* Release */,
			);
			defaultConfigurationIsVisible = 0;
			defaultConfigurationName = Release;
		};
		6C6BE5EC1F7052FC00D84239 /* Build configuration list for PBXNativeTarget "OpenCL" */ = {
			isa = XCConfigurationList;
			buildConfigurations = (
				6C6BE5ED1F7052FC00D84239 /* Debug */,
				6C6BE5EE1F7052FC00D84239 /* Release */,
			);
			defaultConfigurationIsVisible = 0;
			defaultConfigurationName = Release;
		};
/* End XCConfigurationList section */
	};
	rootObject = 6C6BE5DD1F7052FC00D84239 /* Project object */;
}
